
Microsoft Visual Studio Solution File, Format Version 12.00
# Visual Studio Version 16
VisualStudioVersion = 16.0.30717.126
MinimumVisualStudioVersion = 10.0.40219.1
Project("{9A19103F-16F7-4668-BE54-9A1E7A4F7556}") = "Bookinist", "Bookinist\Bookinist.csproj", "{22AAFD0E-B78B-4227-B997-69AEB949F08B}"
EndProject
Project("{9A19103F-16F7-4668-BE54-9A1E7A4F7556}") = "Bookinist.DB", "Bookinist.DB\Bookinist.DB.csproj", "{05D1B12C-5562-423A-ADDD-932031DA7B86}"
EndProject
Project("{FAE04EC0-301F-11D3-BF4B-00C04F79EFBC}") = "Bookinist.Interfaces", "Bookinist.Interfaces\Bookinist.Interfaces.csproj", "{5886EF9C-F2D1-4873-8A7A-1BCE6B7383BB}"
EndProject
Global
	GlobalSection(SolutionConfigurationPlatforms) = preSolution
		Debug|Any CPU = Debug|Any CPU
		Release|Any CPU = Release|Any CPU
	EndGlobalSection
	GlobalSection(ProjectConfigurationPlatforms) = postSolution
		{22AAFD0E-B78B-4227-B997-69AEB949F08B}.Debug|Any CPU.ActiveCfg = Debug|Any CPU
		{22AAFD0E-B78B-4227-B997-69AEB949F08B}.Debug|Any CPU.Build.0 = Debug|Any CPU
		{22AAFD0E-B78B-4227-B997-69AEB949F08B}.Release|Any CPU.ActiveCfg = Release|Any CPU
		{22AAFD0E-B78B-4227-B997-69AEB949F08B}.Release|Any CPU.Build.0 = Release|Any CPU
		{05D1B12C-5562-423A-ADDD-932031DA7B86}.Debug|Any CPU.ActiveCfg = Debug|Any CPU
		{05D1B12C-5562-423A-ADDD-932031DA7B86}.Debug|Any CPU.Build.0 = Debug|Any CPU
		{05D1B12C-5562-423A-ADDD-932031DA7B86}.Release|Any CPU.ActiveCfg = Release|Any CPU
		{05D1B12C-5562-423A-ADDD-932031DA7B86}.Release|Any CPU.Build.0 = Release|Any CPU
		{5886EF9C-F2D1-4873-8A7A-1BCE6B7383BB}.Debug|Any CPU.ActiveCfg = Debug|Any CPU
		{5886EF9C-F2D1-4873-8A7A-1BCE6B7383BB}.Debug|Any CPU.Build.0 = Debug|Any CPU
		{5886EF9C-F2D1-4873-8A7A-1BCE6B7383BB}.Release|Any CPU.ActiveCfg = Release|Any CPU
		{5886EF9C-F2D1-4873-8A7A-1BCE6B7383BB}.Release|Any CPU.Build.0 = Release|Any CPU
	EndGlobalSection
	GlobalSection(SolutionProperties) = preSolution
		HideSolutionNode = FALSE
	EndGlobalSection
	GlobalSection(ExtensibilityGlobals) = postSolution
		SolutionGuid = {2315EE75-3531-4909-AF4E-AD7FA9CDCB5E}
	EndGlobalSection
EndGlobal
